
Microsoft Visual Studio Solution File, Format Version 12.00
# Visual Studio Version 17
VisualStudioVersion = 17.13.35919.96
MinimumVisualStudioVersion = 10.0.40219.1
Project("{FAE04EC0-301F-11D3-BF4B-00C04F79EFBC}") = "ISIP523_Arkhipova", "ISIP523_Arkhipova\ISIP523_Arkhipova.csproj", "{E470D548-5D6D-4744-8BE1-3E1A1F8C7378}"
EndProject
Project("{FAE04EC0-301F-11D3-BF4B-00C04F79EFBC}") = "YP", "YP\YP.csproj", "{CCE4F9F9-FC94-4A5A-9515-D37F4AF57CD7}"
EndProject
Global
	GlobalSection(SolutionConfigurationPlatforms) = preSolution
		Debug|Any CPU = Debug|Any CPU
		Release|Any CPU = Release|Any CPU
	EndGlobalSection
	GlobalSection(ProjectConfigurationPlatforms) = postSolution
		{E470D548-5D6D-4744-8BE1-3E1A1F8C7378}.Debug|Any CPU.ActiveCfg = Debug|Any CPU
		{E470D548-5D6D-4744-8BE1-3E1A1F8C7378}.Debug|Any CPU.Build.0 = Debug|Any CPU
		{E470D548-5D6D-4744-8BE1-3E1A1F8C7378}.Release|Any CPU.ActiveCfg = Release|Any CPU
		{E470D548-5D6D-4744-8BE1-3E1A1F8C7378}.Release|Any CPU.Build.0 = Release|Any CPU
		{CCE4F9F9-FC94-4A5A-9515-D37F4AF57CD7}.Debug|Any CPU.ActiveCfg = Debug|Any CPU
		{CCE4F9F9-FC94-4A5A-9515-D37F4AF57CD7}.Debug|Any CPU.Build.0 = Debug|Any CPU
		{CCE4F9F9-FC94-4A5A-9515-D37F4AF57CD7}.Release|Any CPU.ActiveCfg = Release|Any CPU
		{CCE4F9F9-FC94-4A5A-9515-D37F4AF57CD7}.Release|Any CPU.Build.0 = Release|Any CPU
	EndGlobalSection
	GlobalSection(SolutionProperties) = preSolution
		HideSolutionNode = FALSE
	EndGlobalSection
	GlobalSection(ExtensibilityGlobals) = postSolution
		SolutionGuid = {C29FA213-94B8-493D-849D-881D9CBF3322}
	EndGlobalSection
EndGlobal
